// !$*UTF8*$!
{
	archiveVersion = 1;
	classes = {
	};
	objectVersion = 56;
	objects = {

/* Begin PBXBuildFile section */
		665A6C202B10E358003132BA /* ImagePicker.swift in Sources */ = {isa = PBXBuildFile; fileRef = 665A6C1F2B10E358003132BA /* ImagePicker.swift */; };
		665BEA2B2B1759AB004A7B13 /* FeedViewModel.swift in Sources */ = {isa = PBXBuildFile; fileRef = 665BEA2A2B1759AB004A7B13 /* FeedViewModel.swift */; };
		66662B042B1A2122001B2A1D /* TweetCellViewModel.swift in Sources */ = {isa = PBXBuildFile; fileRef = 66662B032B1A2122001B2A1D /* TweetCellViewModel.swift */; };
		66662B072B1A2C62001B2A1D /* Kingfisher in Frameworks */ = {isa = PBXBuildFile; productRef = 66662B062B1A2C62001B2A1D /* Kingfisher */; };
		666B72552B14EC83004935F8 /* ImageUploader.swift in Sources */ = {isa = PBXBuildFile; fileRef = 666B72542B14EC83004935F8 /* ImageUploader.swift */; };
		666E1E902B1F701600FECAC8 /* ProfileViewModel.swift in Sources */ = {isa = PBXBuildFile; fileRef = 666E1E8F2B1F701600FECAC8 /* ProfileViewModel.swift */; };
		666EAE3F2AF2128900DD8197 /* TabButton.swift in Sources */ = {isa = PBXBuildFile; fileRef = 666EAE3E2AF2128900DD8197 /* TabButton.swift */; };
		666EFFBE2AF69A1A000C1932 /* LogInView.swift in Sources */ = {isa = PBXBuildFile; fileRef = 666EFFBD2AF69A1A000C1932 /* LogInView.swift */; };
		6673342C2AEB991000D86366 /* CreateTweetView.swift in Sources */ = {isa = PBXBuildFile; fileRef = 6673342B2AEB991000D86366 /* CreateTweetView.swift */; };
		6673342E2AEB9B4700D86366 /* MultilineTextField.swift in Sources */ = {isa = PBXBuildFile; fileRef = 6673342D2AEB9B4700D86366 /* MultilineTextField.swift */; };
		667334302AEBC71800D86366 /* TweetCellView.swift in Sources */ = {isa = PBXBuildFile; fileRef = 6673342F2AEBC71800D86366 /* TweetCellView.swift */; };
		667334322AECBD3800D86366 /* SearchCell.swift in Sources */ = {isa = PBXBuildFile; fileRef = 667334312AECBD3800D86366 /* SearchCell.swift */; };
		667334342AECC1F700D86366 /* SearchBar.swift in Sources */ = {isa = PBXBuildFile; fileRef = 667334332AECC1F700D86366 /* SearchBar.swift */; };
		667334362AECD3EE00D86366 /* SearchUserCell.swift in Sources */ = {isa = PBXBuildFile; fileRef = 667334352AECD3EE00D86366 /* SearchUserCell.swift */; };
		667334382AECD93F00D86366 /* Extensions.swift in Sources */ = {isa = PBXBuildFile; fileRef = 667334372AECD93F00D86366 /* Extensions.swift */; };
		6673343A2AECDE3900D86366 /* NotificationCell.swift in Sources */ = {isa = PBXBuildFile; fileRef = 667334392AECDE3900D86366 /* NotificationCell.swift */; };
		667897A32AF4E4D200B2CD76 /* RegisterView.swift in Sources */ = {isa = PBXBuildFile; fileRef = 667897A22AF4E4D200B2CD76 /* RegisterView.swift */; };
		667897A52AF4E6B800B2CD76 /* CustomAuthTextField.swift in Sources */ = {isa = PBXBuildFile; fileRef = 667897A42AF4E6B800B2CD76 /* CustomAuthTextField.swift */; };
		667897A72AF4E93500B2CD76 /* SecureAuthTextField.swift in Sources */ = {isa = PBXBuildFile; fileRef = 667897A62AF4E93500B2CD76 /* SecureAuthTextField.swift */; };
		6678B14B2B203C9500493CFC /* EditProfileViewModel.swift in Sources */ = {isa = PBXBuildFile; fileRef = 6678B14A2B203C9500493CFC /* EditProfileViewModel.swift */; };
		667CAA692B0A597E00E0259A /* AuthServices.swift in Sources */ = {isa = PBXBuildFile; fileRef = 667CAA682B0A597E00E0259A /* AuthServices.swift */; };
		667CE5C12B0F89540001FBB6 /* Tweet.swift in Sources */ = {isa = PBXBuildFile; fileRef = 667CE5C02B0F89540001FBB6 /* Tweet.swift */; };
		667CE5C42B0F8A520001FBB6 /* CreateTweetViewModel.swift in Sources */ = {isa = PBXBuildFile; fileRef = 667CE5C32B0F8A520001FBB6 /* CreateTweetViewModel.swift */; };
		667CE5C62B0F8EFA0001FBB6 /* RequestServices.swift in Sources */ = {isa = PBXBuildFile; fileRef = 667CE5C52B0F8EFA0001FBB6 /* RequestServices.swift */; };
		667F3FE02AF3E79E00891484 /* WelcomeView.swift in Sources */ = {isa = PBXBuildFile; fileRef = 667F3FDF2AF3E79E00891484 /* WelcomeView.swift */; };
		6687F9572AF14AE200C0431C /* UserProfile.swift in Sources */ = {isa = PBXBuildFile; fileRef = 6687F9562AF14AE200C0431C /* UserProfile.swift */; };
		6687F9592AF151DB00C0431C /* BlurView.swift in Sources */ = {isa = PBXBuildFile; fileRef = 6687F9582AF151DB00C0431C /* BlurView.swift */; };
		6688A9802AEF6955008F08B3 /* SlideMenu.swift in Sources */ = {isa = PBXBuildFile; fileRef = 6688A97F2AEF6955008F08B3 /* SlideMenu.swift */; };
		6688A9822AEF6BBF008F08B3 /* FollowView.swift in Sources */ = {isa = PBXBuildFile; fileRef = 6688A9812AEF6BBF008F08B3 /* FollowView.swift */; };
		6688A9842AEF721A008F08B3 /* MenuButton.swift in Sources */ = {isa = PBXBuildFile; fileRef = 6688A9832AEF721A008F08B3 /* MenuButton.swift */; };
		66BB3D132B07A04200D70E0E /* User.swift in Sources */ = {isa = PBXBuildFile; fileRef = 66BB3D122B07A04200D70E0E /* User.swift */; };
		66C9CD7E2B1E1A2F00943AD9 /* EditProfileView.swift in Sources */ = {isa = PBXBuildFile; fileRef = 66C9CD7D2B1E1A2F00943AD9 /* EditProfileView.swift */; };
		66C9CD802B1E2E3000943AD9 /* CustomProfileTextField.swift in Sources */ = {isa = PBXBuildFile; fileRef = 66C9CD7F2B1E2E3000943AD9 /* CustomProfileTextField.swift */; };
		66C9CD822B1E305B00943AD9 /* CustomProfileBioTextField.swift in Sources */ = {isa = PBXBuildFile; fileRef = 66C9CD812B1E305B00943AD9 /* CustomProfileBioTextField.swift */; };
		66DC41212AEEA6470023183B /* MessageCell.swift in Sources */ = {isa = PBXBuildFile; fileRef = 66DC41202AEEA6470023183B /* MessageCell.swift */; };
		66DC41232AEEB0A20023183B /* TopBar.swift in Sources */ = {isa = PBXBuildFile; fileRef = 66DC41222AEEB0A20023183B /* TopBar.swift */; };
		66DC41252AEEB1F00023183B /* MainView.swift in Sources */ = {isa = PBXBuildFile; fileRef = 66DC41242AEEB1F00023183B /* MainView.swift */; };
		66E57D372B07974200492E64 /* AuthViewModel.swift in Sources */ = {isa = PBXBuildFile; fileRef = 66E57D362B07974200492E64 /* AuthViewModel.swift */; };
		66F89EB92AEAA846008DA234 /* Twitter_cloneApp.swift in Sources */ = {isa = PBXBuildFile; fileRef = 66F89EB82AEAA846008DA234 /* Twitter_cloneApp.swift */; };
		66F89EBB2AEAA846008DA234 /* ContentView.swift in Sources */ = {isa = PBXBuildFile; fileRef = 66F89EBA2AEAA846008DA234 /* ContentView.swift */; };
		66F89EC12AEAA847008DA234 /* Preview Assets.xcassets in Resources */ = {isa = PBXBuildFile; fileRef = 66F89EC02AEAA847008DA234 /* Preview Assets.xcassets */; };
		66F89ECB2AEAA847008DA234 /* Twitter_cloneTests.swift in Sources */ = {isa = PBXBuildFile; fileRef = 66F89ECA2AEAA847008DA234 /* Twitter_cloneTests.swift */; };
		66F89ED52AEAA847008DA234 /* Twitter_cloneUITests.swift in Sources */ = {isa = PBXBuildFile; fileRef = 66F89ED42AEAA847008DA234 /* Twitter_cloneUITests.swift */; };
		66F89ED72AEAA847008DA234 /* Twitter_cloneUITestsLaunchTests.swift in Sources */ = {isa = PBXBuildFile; fileRef = 66F89ED62AEAA847008DA234 /* Twitter_cloneUITestsLaunchTests.swift */; };
		66F89EF22AEAAB04008DA234 /* HomeView.swift in Sources */ = {isa = PBXBuildFile; fileRef = 66F89EF12AEAAB04008DA234 /* HomeView.swift */; };
		66F89EF42AEAAF19008DA234 /* FeedView.swift in Sources */ = {isa = PBXBuildFile; fileRef = 66F89EF32AEAAF19008DA234 /* FeedView.swift */; };
		66F89EF62AEAAF20008DA234 /* SearchView.swift in Sources */ = {isa = PBXBuildFile; fileRef = 66F89EF52AEAAF20008DA234 /* SearchView.swift */; };
		66F89EF82AEAAF4C008DA234 /* NotificationView.swift in Sources */ = {isa = PBXBuildFile; fileRef = 66F89EF72AEAAF4C008DA234 /* NotificationView.swift */; };
		66F89EFA2AEAAF63008DA234 /* MessagesView.swift in Sources */ = {isa = PBXBuildFile; fileRef = 66F89EF92AEAAF63008DA234 /* MessagesView.swift */; };
/* End PBXBuildFile section */

/* Begin PBXContainerItemProxy section */
		66F89EC72AEAA847008DA234 /* PBXContainerItemProxy */ = {
			isa = PBXContainerItemProxy;
			containerPortal = 66F89EAD2AEAA846008DA234 /* Project object */;
			proxyType = 1;
			remoteGlobalIDString = 66F89EB42AEAA846008DA234;
			remoteInfo = "Twitter-clone";
		};
		66F89ED12AEAA847008DA234 /* PBXContainerItemProxy */ = {
			isa = PBXContainerItemProxy;
			containerPortal = 66F89EAD2AEAA846008DA234 /* Project object */;
			proxyType = 1;
			remoteGlobalIDString = 66F89EB42AEAA846008DA234;
			remoteInfo = "Twitter-clone";
		};
/* End PBXContainerItemProxy section */

/* Begin PBXFileReference section */
		665A6C1F2B10E358003132BA /* ImagePicker.swift */ = {isa = PBXFileReference; lastKnownFileType = sourcecode.swift; path = ImagePicker.swift; sourceTree = "<group>"; };
		665BEA2A2B1759AB004A7B13 /* FeedViewModel.swift */ = {isa = PBXFileReference; lastKnownFileType = sourcecode.swift; path = FeedViewModel.swift; sourceTree = "<group>"; };
		66662B032B1A2122001B2A1D /* TweetCellViewModel.swift */ = {isa = PBXFileReference; lastKnownFileType = sourcecode.swift; path = TweetCellViewModel.swift; sourceTree = "<group>"; };
		666B72542B14EC83004935F8 /* ImageUploader.swift */ = {isa = PBXFileReference; lastKnownFileType = sourcecode.swift; path = ImageUploader.swift; sourceTree = "<group>"; };
		666E1E8F2B1F701600FECAC8 /* ProfileViewModel.swift */ = {isa = PBXFileReference; lastKnownFileType = sourcecode.swift; path = ProfileViewModel.swift; sourceTree = "<group>"; };
		666EAE3E2AF2128900DD8197 /* TabButton.swift */ = {isa = PBXFileReference; lastKnownFileType = sourcecode.swift; path = TabButton.swift; sourceTree = "<group>"; };
		666EFFBD2AF69A1A000C1932 /* LogInView.swift */ = {isa = PBXFileReference; lastKnownFileType = sourcecode.swift; path = LogInView.swift; sourceTree = "<group>"; };
		6673342B2AEB991000D86366 /* CreateTweetView.swift */ = {isa = PBXFileReference; lastKnownFileType = sourcecode.swift; path = CreateTweetView.swift; sourceTree = "<group>"; };
		6673342D2AEB9B4700D86366 /* MultilineTextField.swift */ = {isa = PBXFileReference; lastKnownFileType = sourcecode.swift; path = MultilineTextField.swift; sourceTree = "<group>"; };
		6673342F2AEBC71800D86366 /* TweetCellView.swift */ = {isa = PBXFileReference; lastKnownFileType = sourcecode.swift; path = TweetCellView.swift; sourceTree = "<group>"; };
		667334312AECBD3800D86366 /* SearchCell.swift */ = {isa = PBXFileReference; lastKnownFileType = sourcecode.swift; path = SearchCell.swift; sourceTree = "<group>"; };
		667334332AECC1F700D86366 /* SearchBar.swift */ = {isa = PBXFileReference; lastKnownFileType = sourcecode.swift; path = SearchBar.swift; sourceTree = "<group>"; };
		667334352AECD3EE00D86366 /* SearchUserCell.swift */ = {isa = PBXFileReference; lastKnownFileType = sourcecode.swift; path = SearchUserCell.swift; sourceTree = "<group>"; };
		667334372AECD93F00D86366 /* Extensions.swift */ = {isa = PBXFileReference; lastKnownFileType = sourcecode.swift; path = Extensions.swift; sourceTree = "<group>"; };
		667334392AECDE3900D86366 /* NotificationCell.swift */ = {isa = PBXFileReference; lastKnownFileType = sourcecode.swift; path = NotificationCell.swift; sourceTree = "<group>"; };
		667897A22AF4E4D200B2CD76 /* RegisterView.swift */ = {isa = PBXFileReference; lastKnownFileType = sourcecode.swift; path = RegisterView.swift; sourceTree = "<group>"; };
		667897A42AF4E6B800B2CD76 /* CustomAuthTextField.swift */ = {isa = PBXFileReference; lastKnownFileType = sourcecode.swift; path = CustomAuthTextField.swift; sourceTree = "<group>"; };
		667897A62AF4E93500B2CD76 /* SecureAuthTextField.swift */ = {isa = PBXFileReference; lastKnownFileType = sourcecode.swift; path = SecureAuthTextField.swift; sourceTree = "<group>"; };
		6678B14A2B203C9500493CFC /* EditProfileViewModel.swift */ = {isa = PBXFileReference; lastKnownFileType = sourcecode.swift; path = EditProfileViewModel.swift; sourceTree = "<group>"; };
		667CAA682B0A597E00E0259A /* AuthServices.swift */ = {isa = PBXFileReference; lastKnownFileType = sourcecode.swift; path = AuthServices.swift; sourceTree = "<group>"; };
		667CE5C02B0F89540001FBB6 /* Tweet.swift */ = {isa = PBXFileReference; lastKnownFileType = sourcecode.swift; path = Tweet.swift; sourceTree = "<group>"; };
		667CE5C32B0F8A520001FBB6 /* CreateTweetViewModel.swift */ = {isa = PBXFileReference; lastKnownFileType = sourcecode.swift; path = CreateTweetViewModel.swift; sourceTree = "<group>"; };
		667CE5C52B0F8EFA0001FBB6 /* RequestServices.swift */ = {isa = PBXFileReference; lastKnownFileType = sourcecode.swift; path = RequestServices.swift; sourceTree = "<group>"; };
		667F3FDF2AF3E79E00891484 /* WelcomeView.swift */ = {isa = PBXFileReference; lastKnownFileType = sourcecode.swift; path = WelcomeView.swift; sourceTree = "<group>"; };
		6687F9562AF14AE200C0431C /* UserProfile.swift */ = {isa = PBXFileReference; lastKnownFileType = sourcecode.swift; path = UserProfile.swift; sourceTree = "<group>"; };
		6687F9582AF151DB00C0431C /* BlurView.swift */ = {isa = PBXFileReference; lastKnownFileType = sourcecode.swift; path = BlurView.swift; sourceTree = "<group>"; };
		6688A97F2AEF6955008F08B3 /* SlideMenu.swift */ = {isa = PBXFileReference; lastKnownFileType = sourcecode.swift; path = SlideMenu.swift; sourceTree = "<group>"; };
		6688A9812AEF6BBF008F08B3 /* FollowView.swift */ = {isa = PBXFileReference; lastKnownFileType = sourcecode.swift; path = FollowView.swift; sourceTree = "<group>"; };
		6688A9832AEF721A008F08B3 /* MenuButton.swift */ = {isa = PBXFileReference; lastKnownFileType = sourcecode.swift; path = MenuButton.swift; sourceTree = "<group>"; };
		66BB3D122B07A04200D70E0E /* User.swift */ = {isa = PBXFileReference; lastKnownFileType = sourcecode.swift; path = User.swift; sourceTree = "<group>"; };
		66C9CD7D2B1E1A2F00943AD9 /* EditProfileView.swift */ = {isa = PBXFileReference; lastKnownFileType = sourcecode.swift; path = EditProfileView.swift; sourceTree = "<group>"; };
		66C9CD7F2B1E2E3000943AD9 /* CustomProfileTextField.swift */ = {isa = PBXFileReference; lastKnownFileType = sourcecode.swift; path = CustomProfileTextField.swift; sourceTree = "<group>"; };
		66C9CD812B1E305B00943AD9 /* CustomProfileBioTextField.swift */ = {isa = PBXFileReference; lastKnownFileType = sourcecode.swift; path = CustomProfileBioTextField.swift; sourceTree = "<group>"; };
		66DC41202AEEA6470023183B /* MessageCell.swift */ = {isa = PBXFileReference; lastKnownFileType = sourcecode.swift; path = MessageCell.swift; sourceTree = "<group>"; };
		66DC41222AEEB0A20023183B /* TopBar.swift */ = {isa = PBXFileReference; lastKnownFileType = sourcecode.swift; path = TopBar.swift; sourceTree = "<group>"; };
		66DC41242AEEB1F00023183B /* MainView.swift */ = {isa = PBXFileReference; lastKnownFileType = sourcecode.swift; path = MainView.swift; sourceTree = "<group>"; };
		66E57D362B07974200492E64 /* AuthViewModel.swift */ = {isa = PBXFileReference; lastKnownFileType = sourcecode.swift; path = AuthViewModel.swift; sourceTree = "<group>"; };
		66F89EB52AEAA846008DA234 /* Twitter-clone.app */ = {isa = PBXFileReference; explicitFileType = wrapper.application; includeInIndex = 0; path = "Twitter-clone.app"; sourceTree = BUILT_PRODUCTS_DIR; };
		66F89EB82AEAA846008DA234 /* Twitter_cloneApp.swift */ = {isa = PBXFileReference; lastKnownFileType = sourcecode.swift; path = Twitter_cloneApp.swift; sourceTree = "<group>"; };
		66F89EBA2AEAA846008DA234 /* ContentView.swift */ = {isa = PBXFileReference; lastKnownFileType = sourcecode.swift; path = ContentView.swift; sourceTree = "<group>"; };
		66F89EBE2AEAA847008DA234 /* Twitter_clone.entitlements */ = {isa = PBXFileReference; lastKnownFileType = text.plist.entitlements; path = Twitter_clone.entitlements; sourceTree = "<group>"; };
		66F89EC02AEAA847008DA234 /* Preview Assets.xcassets */ = {isa = PBXFileReference; lastKnownFileType = folder.assetcatalog; path = "Preview Assets.xcassets"; sourceTree = "<group>"; };
		66F89EC62AEAA847008DA234 /* Twitter-cloneTests.xctest */ = {isa = PBXFileReference; explicitFileType = wrapper.cfbundle; includeInIndex = 0; path = "Twitter-cloneTests.xctest"; sourceTree = BUILT_PRODUCTS_DIR; };
		66F89ECA2AEAA847008DA234 /* Twitter_cloneTests.swift */ = {isa = PBXFileReference; lastKnownFileType = sourcecode.swift; path = Twitter_cloneTests.swift; sourceTree = "<group>"; };
		66F89ED02AEAA847008DA234 /* Twitter-cloneUITests.xctest */ = {isa = PBXFileReference; explicitFileType = wrapper.cfbundle; includeInIndex = 0; path = "Twitter-cloneUITests.xctest"; sourceTree = BUILT_PRODUCTS_DIR; };
		66F89ED42AEAA847008DA234 /* Twitter_cloneUITests.swift */ = {isa = PBXFileReference; lastKnownFileType = sourcecode.swift; path = Twitter_cloneUITests.swift; sourceTree = "<group>"; };
		66F89ED62AEAA847008DA234 /* Twitter_cloneUITestsLaunchTests.swift */ = {isa = PBXFileReference; lastKnownFileType = sourcecode.swift; path = Twitter_cloneUITestsLaunchTests.swift; sourceTree = "<group>"; };
		66F89EF12AEAAB04008DA234 /* HomeView.swift */ = {isa = PBXFileReference; lastKnownFileType = sourcecode.swift; path = HomeView.swift; sourceTree = "<group>"; };
		66F89EF32AEAAF19008DA234 /* FeedView.swift */ = {isa = PBXFileReference; lastKnownFileType = sourcecode.swift; path = FeedView.swift; sourceTree = "<group>"; };
		66F89EF52AEAAF20008DA234 /* SearchView.swift */ = {isa = PBXFileReference; lastKnownFileType = sourcecode.swift; path = SearchView.swift; sourceTree = "<group>"; };
		66F89EF72AEAAF4C008DA234 /* NotificationView.swift */ = {isa = PBXFileReference; lastKnownFileType = sourcecode.swift; path = NotificationView.swift; sourceTree = "<group>"; };
		66F89EF92AEAAF63008DA234 /* MessagesView.swift */ = {isa = PBXFileReference; lastKnownFileType = sourcecode.swift; path = MessagesView.swift; sourceTree = "<group>"; };
/* End PBXFileReference section */

/* Begin PBXFrameworksBuildPhase section */
		66F89EB22AEAA846008DA234 /* Frameworks */ = {
			isa = PBXFrameworksBuildPhase;
			buildActionMask = 2147483647;
			files = (
				66662B072B1A2C62001B2A1D /* Kingfisher in Frameworks */,
			);
			runOnlyForDeploymentPostprocessing = 0;
		};
		66F89EC32AEAA847008DA234 /* Frameworks */ = {
			isa = PBXFrameworksBuildPhase;
			buildActionMask = 2147483647;
			files = (
			);
			runOnlyForDeploymentPostprocessing = 0;
		};
		66F89ECD2AEAA847008DA234 /* Frameworks */ = {
			isa = PBXFrameworksBuildPhase;
			buildActionMask = 2147483647;
			files = (
			);
			runOnlyForDeploymentPostprocessing = 0;
		};
/* End PBXFrameworksBuildPhase section */

/* Begin PBXGroup section */
		665A70A22B0D072300A39C7C /* Authentication */ = {
			isa = PBXGroup;
			children = (
				66E57D362B07974200492E64 /* AuthViewModel.swift */,
			);
			path = Authentication;
			sourceTree = "<group>";
		};
		665BEA292B175990004A7B13 /* Feed */ = {
			isa = PBXGroup;
			children = (
				665BEA2A2B1759AB004A7B13 /* FeedViewModel.swift */,
				66662B032B1A2122001B2A1D /* TweetCellViewModel.swift */,
			);
			path = Feed;
			sourceTree = "<group>";
		};
		666E1E8E2B1F700100FECAC8 /* Profile */ = {
			isa = PBXGroup;
			children = (
				666E1E8F2B1F701600FECAC8 /* ProfileViewModel.swift */,
				6678B14A2B203C9500493CFC /* EditProfileViewModel.swift */,
			);
			path = Profile;
			sourceTree = "<group>";
		};
		667CE5C22B0F8A070001FBB6 /* PostTweet */ = {
			isa = PBXGroup;
			children = (
				667CE5C32B0F8A520001FBB6 /* CreateTweetViewModel.swift */,
			);
			path = PostTweet;
			sourceTree = "<group>";
		};
		66F89EAC2AEAA846008DA234 = {
			isa = PBXGroup;
			children = (
				66F89EB72AEAA846008DA234 /* Twitter-clone */,
				66F89EC92AEAA847008DA234 /* Twitter-cloneTests */,
				66F89ED32AEAA847008DA234 /* Twitter-cloneUITests */,
				66F89EB62AEAA846008DA234 /* Products */,
			);
			sourceTree = "<group>";
		};
		66F89EB62AEAA846008DA234 /* Products */ = {
			isa = PBXGroup;
			children = (
				66F89EB52AEAA846008DA234 /* Twitter-clone.app */,
				66F89EC62AEAA847008DA234 /* Twitter-cloneTests.xctest */,
				66F89ED02AEAA847008DA234 /* Twitter-cloneUITests.xctest */,
			);
			name = Products;
			sourceTree = "<group>";
		};
		66F89EB72AEAA846008DA234 /* Twitter-clone */ = {
			isa = PBXGroup;
			children = (
				66F89EE72AEAAA54008DA234 /* Extensions */,
				66F89EE62AEAAA0D008DA234 /* Services */,
				66F89EE52AEAA9E5008DA234 /* Model */,
				66F89EE42AEAA9D8008DA234 /* ViewModel */,
				66F89EE32AEAA9CC008DA234 /* View */,
				66F89EB82AEAA846008DA234 /* Twitter_cloneApp.swift */,
				66F89EBE2AEAA847008DA234 /* Twitter_clone.entitlements */,
				66F89EBF2AEAA847008DA234 /* Preview Content */,
			);
			path = "Twitter-clone";
			sourceTree = "<group>";
		};
		66F89EBF2AEAA847008DA234 /* Preview Content */ = {
			isa = PBXGroup;
			children = (
				66F89EC02AEAA847008DA234 /* Preview Assets.xcassets */,
			);
			path = "Preview Content";
			sourceTree = "<group>";
		};
		66F89EC92AEAA847008DA234 /* Twitter-cloneTests */ = {
			isa = PBXGroup;
			children = (
				66F89ECA2AEAA847008DA234 /* Twitter_cloneTests.swift */,
			);
			path = "Twitter-cloneTests";
			sourceTree = "<group>";
		};
		66F89ED32AEAA847008DA234 /* Twitter-cloneUITests */ = {
			isa = PBXGroup;
			children = (
				66F89ED42AEAA847008DA234 /* Twitter_cloneUITests.swift */,
				66F89ED62AEAA847008DA234 /* Twitter_cloneUITestsLaunchTests.swift */,
			);
			path = "Twitter-cloneUITests";
			sourceTree = "<group>";
		};
		66F89EE32AEAA9CC008DA234 /* View */ = {
			isa = PBXGroup;
			children = (
				66F89EF02AEAAADB008DA234 /* Profile */,
				66F89EEF2AEAAAC2008DA234 /* Post */,
				66F89EEE2AEAAABC008DA234 /* Items */,
				66F89EED2AEAAAB6008DA234 /* Authentication */,
				66F89EEC2AEAAAA8008DA234 /* Messages */,
				66F89EEB2AEAAA9E008DA234 /* Notifications */,
				66F89EEA2AEAAA95008DA234 /* Search */,
				66F89EE92AEAAA8D008DA234 /* Feed */,
				66F89EE82AEAAA88008DA234 /* Main */,
			);
			path = View;
			sourceTree = "<group>";
		};
		66F89EE42AEAA9D8008DA234 /* ViewModel */ = {
			isa = PBXGroup;
			children = (
				666E1E8E2B1F700100FECAC8 /* Profile */,
				665BEA292B175990004A7B13 /* Feed */,
				667CE5C22B0F8A070001FBB6 /* PostTweet */,
				665A70A22B0D072300A39C7C /* Authentication */,
			);
			path = ViewModel;
			sourceTree = "<group>";
		};
		66F89EE52AEAA9E5008DA234 /* Model */ = {
			isa = PBXGroup;
			children = (
				66BB3D122B07A04200D70E0E /* User.swift */,
				667CE5C02B0F89540001FBB6 /* Tweet.swift */,
			);
			path = Model;
			sourceTree = "<group>";
		};
		66F89EE62AEAAA0D008DA234 /* Services */ = {
			isa = PBXGroup;
			children = (
				667CAA682B0A597E00E0259A /* AuthServices.swift */,
				667CE5C52B0F8EFA0001FBB6 /* RequestServices.swift */,
				666B72542B14EC83004935F8 /* ImageUploader.swift */,
			);
			path = Services;
			sourceTree = "<group>";
		};
		66F89EE72AEAAA54008DA234 /* Extensions */ = {
			isa = PBXGroup;
			children = (
				667334372AECD93F00D86366 /* Extensions.swift */,
				665A6C1F2B10E358003132BA /* ImagePicker.swift */,
			);
			path = Extensions;
			sourceTree = "<group>";
		};
		66F89EE82AEAAA88008DA234 /* Main */ = {
			isa = PBXGroup;
			children = (
				66F89EF12AEAAB04008DA234 /* HomeView.swift */,
				66DC41222AEEB0A20023183B /* TopBar.swift */,
				66DC41242AEEB1F00023183B /* MainView.swift */,
				6688A97F2AEF6955008F08B3 /* SlideMenu.swift */,
			);
			path = Main;
			sourceTree = "<group>";
		};
		66F89EE92AEAAA8D008DA234 /* Feed */ = {
			isa = PBXGroup;
			children = (
				66F89EF32AEAAF19008DA234 /* FeedView.swift */,
				6673342F2AEBC71800D86366 /* TweetCellView.swift */,
			);
			path = Feed;
			sourceTree = "<group>";
		};
		66F89EEA2AEAAA95008DA234 /* Search */ = {
			isa = PBXGroup;
			children = (
				66F89EF52AEAAF20008DA234 /* SearchView.swift */,
				667334312AECBD3800D86366 /* SearchCell.swift */,
				667334352AECD3EE00D86366 /* SearchUserCell.swift */,
			);
			path = Search;
			sourceTree = "<group>";
		};
		66F89EEB2AEAAA9E008DA234 /* Notifications */ = {
			isa = PBXGroup;
			children = (
				66F89EF72AEAAF4C008DA234 /* NotificationView.swift */,
				667334392AECDE3900D86366 /* NotificationCell.swift */,
			);
			path = Notifications;
			sourceTree = "<group>";
		};
		66F89EEC2AEAAAA8008DA234 /* Messages */ = {
			isa = PBXGroup;
			children = (
				66F89EF92AEAAF63008DA234 /* MessagesView.swift */,
				66DC41202AEEA6470023183B /* MessageCell.swift */,
			);
			path = Messages;
			sourceTree = "<group>";
		};
		66F89EED2AEAAAB6008DA234 /* Authentication */ = {
			isa = PBXGroup;
			children = (
				66F89EBA2AEAA846008DA234 /* ContentView.swift */,
				667F3FDF2AF3E79E00891484 /* WelcomeView.swift */,
				667897A22AF4E4D200B2CD76 /* RegisterView.swift */,
				666EFFBD2AF69A1A000C1932 /* LogInView.swift */,
			);
			path = Authentication;
			sourceTree = "<group>";
		};
		66F89EEE2AEAAABC008DA234 /* Items */ = {
			isa = PBXGroup;
			children = (
				6673342D2AEB9B4700D86366 /* MultilineTextField.swift */,
				667334332AECC1F700D86366 /* SearchBar.swift */,
				6688A9812AEF6BBF008F08B3 /* FollowView.swift */,
				6688A9832AEF721A008F08B3 /* MenuButton.swift */,
				666EAE3E2AF2128900DD8197 /* TabButton.swift */,
				667897A42AF4E6B800B2CD76 /* CustomAuthTextField.swift */,
				667897A62AF4E93500B2CD76 /* SecureAuthTextField.swift */,
				66C9CD7F2B1E2E3000943AD9 /* CustomProfileTextField.swift */,
				66C9CD812B1E305B00943AD9 /* CustomProfileBioTextField.swift */,
			);
			path = Items;
			sourceTree = "<group>";
		};
		66F89EEF2AEAAAC2008DA234 /* Post */ = {
			isa = PBXGroup;
			children = (
				6673342B2AEB991000D86366 /* CreateTweetView.swift */,
			);
			path = Post;
			sourceTree = "<group>";
		};
		66F89EF02AEAAADB008DA234 /* Profile */ = {
			isa = PBXGroup;
			children = (
				6687F9562AF14AE200C0431C /* UserProfile.swift */,
				6687F9582AF151DB00C0431C /* BlurView.swift */,
				66C9CD7D2B1E1A2F00943AD9 /* EditProfileView.swift */,
			);
			path = Profile;
			sourceTree = "<group>";
		};
/* End PBXGroup section */

/* Begin PBXNativeTarget section */
		66F89EB42AEAA846008DA234 /* Twitter-clone */ = {
			isa = PBXNativeTarget;
			buildConfigurationList = 66F89EDA2AEAA847008DA234 /* Build configuration list for PBXNativeTarget "Twitter-clone" */;
			buildPhases = (
				66F89EB12AEAA846008DA234 /* Sources */,
				66F89EB22AEAA846008DA234 /* Frameworks */,
				66F89EB32AEAA846008DA234 /* Resources */,
			);
			buildRules = (
			);
			dependencies = (
			);
			name = "Twitter-clone";
			packageProductDependencies = (
				66662B062B1A2C62001B2A1D /* Kingfisher */,
			);
			productName = "Twitter-clone";
			productReference = 66F89EB52AEAA846008DA234 /* Twitter-clone.app */;
			productType = "com.apple.product-type.application";
		};
		66F89EC52AEAA847008DA234 /* Twitter-cloneTests */ = {
			isa = PBXNativeTarget;
			buildConfigurationList = 66F89EDD2AEAA847008DA234 /* Build configuration list for PBXNativeTarget "Twitter-cloneTests" */;
			buildPhases = (
				66F89EC22AEAA847008DA234 /* Sources */,
				66F89EC32AEAA847008DA234 /* Frameworks */,
				66F89EC42AEAA847008DA234 /* Resources */,
			);
			buildRules = (
			);
			dependencies = (
				66F89EC82AEAA847008DA234 /* PBXTargetDependency */,
			);
			name = "Twitter-cloneTests";
			productName = "Twitter-cloneTests";
			productReference = 66F89EC62AEAA847008DA234 /* Twitter-cloneTests.xctest */;
			productType = "com.apple.product-type.bundle.unit-test";
		};
		66F89ECF2AEAA847008DA234 /* Twitter-cloneUITests */ = {
			isa = PBXNativeTarget;
			buildConfigurationList = 66F89EE02AEAA847008DA234 /* Build configuration list for PBXNativeTarget "Twitter-cloneUITests" */;
			buildPhases = (
				66F89ECC2AEAA847008DA234 /* Sources */,
				66F89ECD2AEAA847008DA234 /* Frameworks */,
				66F89ECE2AEAA847008DA234 /* Resources */,
			);
			buildRules = (
			);
			dependencies = (
				66F89ED22AEAA847008DA234 /* PBXTargetDependency */,
			);
			name = "Twitter-cloneUITests";
			productName = "Twitter-cloneUITests";
			productReference = 66F89ED02AEAA847008DA234 /* Twitter-cloneUITests.xctest */;
			productType = "com.apple.product-type.bundle.ui-testing";
		};
/* End PBXNativeTarget section */

/* Begin PBXProject section */
		66F89EAD2AEAA846008DA234 /* Project object */ = {
			isa = PBXProject;
			attributes = {
				BuildIndependentTargetsInParallel = 1;
				LastSwiftUpdateCheck = 1500;
				LastUpgradeCheck = 1500;
				TargetAttributes = {
					66F89EB42AEAA846008DA234 = {
						CreatedOnToolsVersion = 15.0;
					};
					66F89EC52AEAA847008DA234 = {
						CreatedOnToolsVersion = 15.0;
						TestTargetID = 66F89EB42AEAA846008DA234;
					};
					66F89ECF2AEAA847008DA234 = {
						CreatedOnToolsVersion = 15.0;
						TestTargetID = 66F89EB42AEAA846008DA234;
					};
				};
			};
			buildConfigurationList = 66F89EB02AEAA846008DA234 /* Build configuration list for PBXProject "Twitter-clone" */;
			compatibilityVersion = "Xcode 14.0";
			developmentRegion = en;
			hasScannedForEncodings = 0;
			knownRegions = (
				en,
				Base,
			);
			mainGroup = 66F89EAC2AEAA846008DA234;
			packageReferences = (
				66662B052B1A2C62001B2A1D /* XCRemoteSwiftPackageReference "Kingfisher" */,
			);
			productRefGroup = 66F89EB62AEAA846008DA234 /* Products */;
			projectDirPath = "";
			projectRoot = "";
			targets = (
				66F89EB42AEAA846008DA234 /* Twitter-clone */,
				66F89EC52AEAA847008DA234 /* Twitter-cloneTests */,
				66F89ECF2AEAA847008DA234 /* Twitter-cloneUITests */,
			);
		};
/* End PBXProject section */

/* Begin PBXResourcesBuildPhase section */
		66F89EB32AEAA846008DA234 /* Resources */ = {
			isa = PBXResourcesBuildPhase;
			buildActionMask = 2147483647;
			files = (
				66F89EC12AEAA847008DA234 /* Preview Assets.xcassets in Resources */,
			);
			runOnlyForDeploymentPostprocessing = 0;
		};
		66F89EC42AEAA847008DA234 /* Resources */ = {
			isa = PBXResourcesBuildPhase;
			buildActionMask = 2147483647;
			files = (
			);
			runOnlyForDeploymentPostprocessing = 0;
		};
		66F89ECE2AEAA847008DA234 /* Resources */ = {
			isa = PBXResourcesBuildPhase;
			buildActionMask = 2147483647;
			files = (
			);
			runOnlyForDeploymentPostprocessing = 0;
		};
/* End PBXResourcesBuildPhase section */

/* Begin PBXSourcesBuildPhase section */
		66F89EB12AEAA846008DA234 /* Sources */ = {
			isa = PBXSourcesBuildPhase;
			buildActionMask = 2147483647;
			files = (
				6678B14B2B203C9500493CFC /* EditProfileViewModel.swift in Sources */,
				665BEA2B2B1759AB004A7B13 /* FeedViewModel.swift in Sources */,
				667334302AEBC71800D86366 /* TweetCellView.swift in Sources */,
				66DC41252AEEB1F00023183B /* MainView.swift in Sources */,
				6687F9592AF151DB00C0431C /* BlurView.swift in Sources */,
				667CAA692B0A597E00E0259A /* AuthServices.swift in Sources */,
				6688A9842AEF721A008F08B3 /* MenuButton.swift in Sources */,
				66BB3D132B07A04200D70E0E /* User.swift in Sources */,
				66DC41212AEEA6470023183B /* MessageCell.swift in Sources */,
				667334322AECBD3800D86366 /* SearchCell.swift in Sources */,
				6673342C2AEB991000D86366 /* CreateTweetView.swift in Sources */,
				66C9CD7E2B1E1A2F00943AD9 /* EditProfileView.swift in Sources */,
				6688A9802AEF6955008F08B3 /* SlideMenu.swift in Sources */,
				66F89EF62AEAAF20008DA234 /* SearchView.swift in Sources */,
				667334362AECD3EE00D86366 /* SearchUserCell.swift in Sources */,
				66F89EF42AEAAF19008DA234 /* FeedView.swift in Sources */,
				667334342AECC1F700D86366 /* SearchBar.swift in Sources */,
				66F89EBB2AEAA846008DA234 /* ContentView.swift in Sources */,
				66DC41232AEEB0A20023183B /* TopBar.swift in Sources */,
				66F89EF22AEAAB04008DA234 /* HomeView.swift in Sources */,
				667897A52AF4E6B800B2CD76 /* CustomAuthTextField.swift in Sources */,
				667897A32AF4E4D200B2CD76 /* RegisterView.swift in Sources */,
				6688A9822AEF6BBF008F08B3 /* FollowView.swift in Sources */,
				66F89EFA2AEAAF63008DA234 /* MessagesView.swift in Sources */,
				665A6C202B10E358003132BA /* ImagePicker.swift in Sources */,
				667CE5C12B0F89540001FBB6 /* Tweet.swift in Sources */,
				666EFFBE2AF69A1A000C1932 /* LogInView.swift in Sources */,
				66C9CD802B1E2E3000943AD9 /* CustomProfileTextField.swift in Sources */,
				667CE5C62B0F8EFA0001FBB6 /* RequestServices.swift in Sources */,
				666E1E902B1F701600FECAC8 /* ProfileViewModel.swift in Sources */,
				66E57D372B07974200492E64 /* AuthViewModel.swift in Sources */,
				6687F9572AF14AE200C0431C /* UserProfile.swift in Sources */,
				6673342E2AEB9B4700D86366 /* MultilineTextField.swift in Sources */,
				66F89EB92AEAA846008DA234 /* Twitter_cloneApp.swift in Sources */,
				667897A72AF4E93500B2CD76 /* SecureAuthTextField.swift in Sources */,
				667F3FE02AF3E79E00891484 /* WelcomeView.swift in Sources */,
				66F89EF82AEAAF4C008DA234 /* NotificationView.swift in Sources */,
				667CE5C42B0F8A520001FBB6 /* CreateTweetViewModel.swift in Sources */,
				666EAE3F2AF2128900DD8197 /* TabButton.swift in Sources */,
				666B72552B14EC83004935F8 /* ImageUploader.swift in Sources */,
				66662B042B1A2122001B2A1D /* TweetCellViewModel.swift in Sources */,
				6673343A2AECDE3900D86366 /* NotificationCell.swift in Sources */,
				667334382AECD93F00D86366 /* Extensions.swift in Sources */,
				66C9CD822B1E305B00943AD9 /* CustomProfileBioTextField.swift in Sources */,
			);
			runOnlyForDeploymentPostprocessing = 0;
		};
		66F89EC22AEAA847008DA234 /* Sources */ = {
			isa = PBXSourcesBuildPhase;
			buildActionMask = 2147483647;
			files = (
				66F89ECB2AEAA847008DA234 /* Twitter_cloneTests.swift in Sources */,
			);
			runOnlyForDeploymentPostprocessing = 0;
		};
		66F89ECC2AEAA847008DA234 /* Sources */ = {
			isa = PBXSourcesBuildPhase;
			buildActionMask = 2147483647;
			files = (
				66F89ED72AEAA847008DA234 /* Twitter_cloneUITestsLaunchTests.swift in Sources */,
				66F89ED52AEAA847008DA234 /* Twitter_cloneUITests.swift in Sources */,
			);
			runOnlyForDeploymentPostprocessing = 0;
		};
/* End PBXSourcesBuildPhase section */

/* Begin PBXTargetDependency section */
		66F89EC82AEAA847008DA234 /* PBXTargetDependency */ = {
			isa = PBXTargetDependency;
			target = 66F89EB42AEAA846008DA234 /* Twitter-clone */;
			targetProxy = 66F89EC72AEAA847008DA234 /* PBXContainerItemProxy */;
		};
		66F89ED22AEAA847008DA234 /* PBXTargetDependency */ = {
			isa = PBXTargetDependency;
			target = 66F89EB42AEAA846008DA234 /* Twitter-clone */;
			targetProxy = 66F89ED12AEAA847008DA234 /* PBXContainerItemProxy */;
		};
/* End PBXTargetDependency section */

/* Begin XCBuildConfiguration section */
		66F89ED82AEAA847008DA234 /* Debug */ = {
			isa = XCBuildConfiguration;
			buildSettings = {
				ALWAYS_SEARCH_USER_PATHS = NO;
				ASSETCATALOG_COMPILER_GENERATE_SWIFT_ASSET_SYMBOL_EXTENSIONS = YES;
				CLANG_ANALYZER_NONNULL = YES;
				CLANG_ANALYZER_NUMBER_OBJECT_CONVERSION = YES_AGGRESSIVE;
				CLANG_CXX_LANGUAGE_STANDARD = "gnu++20";
				CLANG_ENABLE_MODULES = YES;
				CLANG_ENABLE_OBJC_ARC = YES;
				CLANG_ENABLE_OBJC_WEAK = YES;
				CLANG_WARN_BLOCK_CAPTURE_AUTORELEASING = YES;
				CLANG_WARN_BOOL_CONVERSION = YES;
				CLANG_WARN_COMMA = YES;
				CLANG_WARN_CONSTANT_CONVERSION = YES;
				CLANG_WARN_DEPRECATED_OBJC_IMPLEMENTATIONS = YES;
				CLANG_WARN_DIRECT_OBJC_ISA_USAGE = YES_ERROR;
				CLANG_WARN_DOCUMENTATION_COMMENTS = YES;
				CLANG_WARN_EMPTY_BODY = YES;
				CLANG_WARN_ENUM_CONVERSION = YES;
				CLANG_WARN_INFINITE_RECURSION = YES;
				CLANG_WARN_INT_CONVERSION = YES;
				CLANG_WARN_NON_LITERAL_NULL_CONVERSION = YES;
				CLANG_WARN_OBJC_IMPLICIT_RETAIN_SELF = YES;
				CLANG_WARN_OBJC_LITERAL_CONVERSION = YES;
				CLANG_WARN_OBJC_ROOT_CLASS = YES_ERROR;
				CLANG_WARN_QUOTED_INCLUDE_IN_FRAMEWORK_HEADER = YES;
				CLANG_WARN_RANGE_LOOP_ANALYSIS = YES;
				CLANG_WARN_STRICT_PROTOTYPES = YES;
				CLANG_WARN_SUSPICIOUS_MOVE = YES;
				CLANG_WARN_UNGUARDED_AVAILABILITY = YES_AGGRESSIVE;
				CLANG_WARN_UNREACHABLE_CODE = YES;
				CLANG_WARN__DUPLICATE_METHOD_MATCH = YES;
				COPY_PHASE_STRIP = NO;
				DEBUG_INFORMATION_FORMAT = dwarf;
				ENABLE_STRICT_OBJC_MSGSEND = YES;
				ENABLE_TESTABILITY = YES;
				ENABLE_USER_SCRIPT_SANDBOXING = YES;
				GCC_C_LANGUAGE_STANDARD = gnu17;
				GCC_DYNAMIC_NO_PIC = NO;
				GCC_NO_COMMON_BLOCKS = YES;
				GCC_OPTIMIZATION_LEVEL = 0;
				GCC_PREPROCESSOR_DEFINITIONS = (
					"DEBUG=1",
					"$(inherited)",
				);
				GCC_WARN_64_TO_32_BIT_CONVERSION = YES;
				GCC_WARN_ABOUT_RETURN_TYPE = YES_ERROR;
				GCC_WARN_UNDECLARED_SELECTOR = YES;
				GCC_WARN_UNINITIALIZED_AUTOS = YES_AGGRESSIVE;
				GCC_WARN_UNUSED_FUNCTION = YES;
				GCC_WARN_UNUSED_VARIABLE = YES;
				LOCALIZATION_PREFERS_STRING_CATALOGS = YES;
				MTL_ENABLE_DEBUG_INFO = INCLUDE_SOURCE;
				MTL_FAST_MATH = YES;
				ONLY_ACTIVE_ARCH = YES;
				SWIFT_ACTIVE_COMPILATION_CONDITIONS = "DEBUG $(inherited)";
				SWIFT_OPTIMIZATION_LEVEL = "-Onone";
			};
			name = Debug;
		};
		66F89ED92AEAA847008DA234 /* Release */ = {
			isa = XCBuildConfiguration;
			buildSettings = {
				ALWAYS_SEARCH_USER_PATHS = NO;
				ASSETCATALOG_COMPILER_GENERATE_SWIFT_ASSET_SYMBOL_EXTENSIONS = YES;
				CLANG_ANALYZER_NONNULL = YES;
				CLANG_ANALYZER_NUMBER_OBJECT_CONVERSION = YES_AGGRESSIVE;
				CLANG_CXX_LANGUAGE_STANDARD = "gnu++20";
				CLANG_ENABLE_MODULES = YES;
				CLANG_ENABLE_OBJC_ARC = YES;
				CLANG_ENABLE_OBJC_WEAK = YES;
				CLANG_WARN_BLOCK_CAPTURE_AUTORELEASING = YES;
				CLANG_WARN_BOOL_CONVERSION = YES;
				CLANG_WARN_COMMA = YES;
				CLANG_WARN_CONSTANT_CONVERSION = YES;
				CLANG_WARN_DEPRECATED_OBJC_IMPLEMENTATIONS = YES;
				CLANG_WARN_DIRECT_OBJC_ISA_USAGE = YES_ERROR;
				CLANG_WARN_DOCUMENTATION_COMMENTS = YES;
				CLANG_WARN_EMPTY_BODY = YES;
				CLANG_WARN_ENUM_CONVERSION = YES;
				CLANG_WARN_INFINITE_RECURSION = YES;
				CLANG_WARN_INT_CONVERSION = YES;
				CLANG_WARN_NON_LITERAL_NULL_CONVERSION = YES;
				CLANG_WARN_OBJC_IMPLICIT_RETAIN_SELF = YES;
				CLANG_WARN_OBJC_LITERAL_CONVERSION = YES;
				CLANG_WARN_OBJC_ROOT_CLASS = YES_ERROR;
				CLANG_WARN_QUOTED_INCLUDE_IN_FRAMEWORK_HEADER = YES;
				CLANG_WARN_RANGE_LOOP_ANALYSIS = YES;
				CLANG_WARN_STRICT_PROTOTYPES = YES;
				CLANG_WARN_SUSPICIOUS_MOVE = YES;
				CLANG_WARN_UNGUARDED_AVAILABILITY = YES_AGGRESSIVE;
				CLANG_WARN_UNREACHABLE_CODE = YES;
				CLANG_WARN__DUPLICATE_METHOD_MATCH = YES;
				COPY_PHASE_STRIP = NO;
				DEBUG_INFORMATION_FORMAT = "dwarf-with-dsym";
				ENABLE_NS_ASSERTIONS = NO;
				ENABLE_STRICT_OBJC_MSGSEND = YES;
				ENABLE_USER_SCRIPT_SANDBOXING = YES;
				GCC_C_LANGUAGE_STANDARD = gnu17;
				GCC_NO_COMMON_BLOCKS = YES;
				GCC_WARN_64_TO_32_BIT_CONVERSION = YES;
				GCC_WARN_ABOUT_RETURN_TYPE = YES_ERROR;
				GCC_WARN_UNDECLARED_SELECTOR = YES;
				GCC_WARN_UNINITIALIZED_AUTOS = YES_AGGRESSIVE;
				GCC_WARN_UNUSED_FUNCTION = YES;
				GCC_WARN_UNUSED_VARIABLE = YES;
				LOCALIZATION_PREFERS_STRING_CATALOGS = YES;
				MTL_ENABLE_DEBUG_INFO = NO;
				MTL_FAST_MATH = YES;
				SWIFT_COMPILATION_MODE = wholemodule;
			};
			name = Release;
		};
		66F89EDB2AEAA847008DA234 /* Debug */ = {
			isa = XCBuildConfiguration;
			buildSettings = {
				ASSETCATALOG_COMPILER_APPICON_NAME = AppIcon;
				ASSETCATALOG_COMPILER_GLOBAL_ACCENT_COLOR_NAME = AccentColor;
				CODE_SIGN_ENTITLEMENTS = "Twitter-clone/Twitter_clone.entitlements";
				CODE_SIGN_STYLE = Automatic;
				CURRENT_PROJECT_VERSION = 1;
				DEVELOPMENT_ASSET_PATHS = "\"Twitter-clone/Preview Content\"";
				DEVELOPMENT_TEAM = TQKAT5B374;
				ENABLE_HARDENED_RUNTIME = YES;
				ENABLE_PREVIEWS = YES;
				GENERATE_INFOPLIST_FILE = YES;
				"INFOPLIST_KEY_UIApplicationSceneManifest_Generation[sdk=iphoneos*]" = YES;
				"INFOPLIST_KEY_UIApplicationSceneManifest_Generation[sdk=iphonesimulator*]" = YES;
				"INFOPLIST_KEY_UIApplicationSupportsIndirectInputEvents[sdk=iphoneos*]" = YES;
				"INFOPLIST_KEY_UIApplicationSupportsIndirectInputEvents[sdk=iphonesimulator*]" = YES;
				"INFOPLIST_KEY_UILaunchScreen_Generation[sdk=iphoneos*]" = YES;
				"INFOPLIST_KEY_UILaunchScreen_Generation[sdk=iphonesimulator*]" = YES;
				"INFOPLIST_KEY_UIStatusBarStyle[sdk=iphoneos*]" = UIStatusBarStyleDefault;
				"INFOPLIST_KEY_UIStatusBarStyle[sdk=iphonesimulator*]" = UIStatusBarStyleDefault;
				INFOPLIST_KEY_UISupportedInterfaceOrientations_iPad = "UIInterfaceOrientationPortrait UIInterfaceOrientationPortraitUpsideDown UIInterfaceOrientationLandscapeLeft UIInterfaceOrientationLandscapeRight";
				INFOPLIST_KEY_UISupportedInterfaceOrientations_iPhone = "UIInterfaceOrientationPortrait UIInterfaceOrientationLandscapeLeft UIInterfaceOrientationLandscapeRight";
				IPHONEOS_DEPLOYMENT_TARGET = 17.0;
				LD_RUNPATH_SEARCH_PATHS = "@executable_path/Frameworks";
				"LD_RUNPATH_SEARCH_PATHS[sdk=macosx*]" = "@executable_path/../Frameworks";
				MACOSX_DEPLOYMENT_TARGET = 14.0;
				MARKETING_VERSION = 1.0;
				PRODUCT_BUNDLE_IDENTIFIER = duyhuynh;
				PRODUCT_NAME = "$(TARGET_NAME)";
				SDKROOT = auto;
				SUPPORTED_PLATFORMS = "iphoneos iphonesimulator";
				SUPPORTS_MACCATALYST = NO;
				SWIFT_EMIT_LOC_STRINGS = YES;
				SWIFT_VERSION = 5.0;
				TARGETED_DEVICE_FAMILY = 1;
			};
			name = Debug;
		};
		66F89EDC2AEAA847008DA234 /* Release */ = {
			isa = XCBuildConfiguration;
			buildSettings = {
				ASSETCATALOG_COMPILER_APPICON_NAME = AppIcon;
				ASSETCATALOG_COMPILER_GLOBAL_ACCENT_COLOR_NAME = AccentColor;
				CODE_SIGN_ENTITLEMENTS = "Twitter-clone/Twitter_clone.entitlements";
				CODE_SIGN_STYLE = Automatic;
				CURRENT_PROJECT_VERSION = 1;
				DEVELOPMENT_ASSET_PATHS = "\"Twitter-clone/Preview Content\"";
				DEVELOPMENT_TEAM = TQKAT5B374;
				ENABLE_HARDENED_RUNTIME = YES;
				ENABLE_PREVIEWS = YES;
				GENERATE_INFOPLIST_FILE = YES;
				"INFOPLIST_KEY_UIApplicationSceneManifest_Generation[sdk=iphoneos*]" = YES;
				"INFOPLIST_KEY_UIApplicationSceneManifest_Generation[sdk=iphonesimulator*]" = YES;
				"INFOPLIST_KEY_UIApplicationSupportsIndirectInputEvents[sdk=iphoneos*]" = YES;
				"INFOPLIST_KEY_UIApplicationSupportsIndirectInputEvents[sdk=iphonesimulator*]" = YES;
				"INFOPLIST_KEY_UILaunchScreen_Generation[sdk=iphoneos*]" = YES;
				"INFOPLIST_KEY_UILaunchScreen_Generation[sdk=iphonesimulator*]" = YES;
				"INFOPLIST_KEY_UIStatusBarStyle[sdk=iphoneos*]" = UIStatusBarStyleDefault;
				"INFOPLIST_KEY_UIStatusBarStyle[sdk=iphonesimulator*]" = UIStatusBarStyleDefault;
				INFOPLIST_KEY_UISupportedInterfaceOrientations_iPad = "UIInterfaceOrientationPortrait UIInterfaceOrientationPortraitUpsideDown UIInterfaceOrientationLandscapeLeft UIInterfaceOrientationLandscapeRight";
				INFOPLIST_KEY_UISupportedInterfaceOrientations_iPhone = "UIInterfaceOrientationPortrait UIInterfaceOrientationLandscapeLeft UIInterfaceOrientationLandscapeRight";
				IPHONEOS_DEPLOYMENT_TARGET = 17.0;
				LD_RUNPATH_SEARCH_PATHS = "@executable_path/Frameworks";
				"LD_RUNPATH_SEARCH_PATHS[sdk=macosx*]" = "@executable_path/../Frameworks";
				MACOSX_DEPLOYMENT_TARGET = 14.0;
				MARKETING_VERSION = 1.0;
				PRODUCT_BUNDLE_IDENTIFIER = duyhuynh;
				PRODUCT_NAME = "$(TARGET_NAME)";
				SDKROOT = auto;
				SUPPORTED_PLATFORMS = "iphoneos iphonesimulator";
				SUPPORTS_MACCATALYST = NO;
				SWIFT_EMIT_LOC_STRINGS = YES;
				SWIFT_VERSION = 5.0;
				TARGETED_DEVICE_FAMILY = 1;
			};
			name = Release;
		};
		66F89EDE2AEAA847008DA234 /* Debug */ = {
			isa = XCBuildConfiguration;
			buildSettings = {
				ALWAYS_EMBED_SWIFT_STANDARD_LIBRARIES = YES;
				BUNDLE_LOADER = "$(TEST_HOST)";
				CODE_SIGN_STYLE = Automatic;
				CURRENT_PROJECT_VERSION = 1;
				DEVELOPMENT_TEAM = TQKAT5B374;
				GENERATE_INFOPLIST_FILE = YES;
				IPHONEOS_DEPLOYMENT_TARGET = 17.0;
				MACOSX_DEPLOYMENT_TARGET = 14.0;
				MARKETING_VERSION = 1.0;
				PRODUCT_BUNDLE_IDENTIFIER = "com.duyhuynh.Twitter-cloneTests";
				PRODUCT_NAME = "$(TARGET_NAME)";
				SDKROOT = auto;
				SUPPORTED_PLATFORMS = "iphoneos iphonesimulator macosx";
				SWIFT_EMIT_LOC_STRINGS = NO;
				SWIFT_VERSION = 5.0;
				TARGETED_DEVICE_FAMILY = "1,2";
				TEST_HOST = "$(BUILT_PRODUCTS_DIR)/Twitter-clone.app/$(BUNDLE_EXECUTABLE_FOLDER_PATH)/Twitter-clone";
			};
			name = Debug;
		};
		66F89EDF2AEAA847008DA234 /* Release */ = {
			isa = XCBuildConfiguration;
			buildSettings = {
				ALWAYS_EMBED_SWIFT_STANDARD_LIBRARIES = YES;
				BUNDLE_LOADER = "$(TEST_HOST)";
				CODE_SIGN_STYLE = Automatic;
				CURRENT_PROJECT_VERSION = 1;
				DEVELOPMENT_TEAM = TQKAT5B374;
				GENERATE_INFOPLIST_FILE = YES;
				IPHONEOS_DEPLOYMENT_TARGET = 17.0;
				MACOSX_DEPLOYMENT_TARGET = 14.0;
				MARKETING_VERSION = 1.0;
				PRODUCT_BUNDLE_IDENTIFIER = "com.duyhuynh.Twitter-cloneTests";
				PRODUCT_NAME = "$(TARGET_NAME)";
				SDKROOT = auto;
				SUPPORTED_PLATFORMS = "iphoneos iphonesimulator macosx";
				SWIFT_EMIT_LOC_STRINGS = NO;
				SWIFT_VERSION = 5.0;
				TARGETED_DEVICE_FAMILY = "1,2";
				TEST_HOST = "$(BUILT_PRODUCTS_DIR)/Twitter-clone.app/$(BUNDLE_EXECUTABLE_FOLDER_PATH)/Twitter-clone";
			};
			name = Release;
		};
		66F89EE12AEAA847008DA234 /* Debug */ = {
			isa = XCBuildConfiguration;
			buildSettings = {
				ALWAYS_EMBED_SWIFT_STANDARD_LIBRARIES = YES;
				CODE_SIGN_STYLE = Automatic;
				CURRENT_PROJECT_VERSION = 1;
				DEVELOPMENT_TEAM = TQKAT5B374;
				GENERATE_INFOPLIST_FILE = YES;
				IPHONEOS_DEPLOYMENT_TARGET = 17.0;
				MACOSX_DEPLOYMENT_TARGET = 14.0;
				MARKETING_VERSION = 1.0;
				PRODUCT_BUNDLE_IDENTIFIER = "com.duyhuynh.Twitter-cloneUITests";
				PRODUCT_NAME = "$(TARGET_NAME)";
				SDKROOT = auto;
				SUPPORTED_PLATFORMS = "iphoneos iphonesimulator macosx";
				SWIFT_EMIT_LOC_STRINGS = NO;
				SWIFT_VERSION = 5.0;
				TARGETED_DEVICE_FAMILY = "1,2";
				TEST_TARGET_NAME = "Twitter-clone";
			};
			name = Debug;
		};
		66F89EE22AEAA847008DA234 /* Release */ = {
			isa = XCBuildConfiguration;
			buildSettings = {
				ALWAYS_EMBED_SWIFT_STANDARD_LIBRARIES = YES;
				CODE_SIGN_STYLE = Automatic;
				CURRENT_PROJECT_VERSION = 1;
				DEVELOPMENT_TEAM = TQKAT5B374;
				GENERATE_INFOPLIST_FILE = YES;
				IPHONEOS_DEPLOYMENT_TARGET = 17.0;
				MACOSX_DEPLOYMENT_TARGET = 14.0;
				MARKETING_VERSION = 1.0;
				PRODUCT_BUNDLE_IDENTIFIER = "com.duyhuynh.Twitter-cloneUITests";
				PRODUCT_NAME = "$(TARGET_NAME)";
				SDKROOT = auto;
				SUPPORTED_PLATFORMS = "iphoneos iphonesimulator macosx";
				SWIFT_EMIT_LOC_STRINGS = NO;
				SWIFT_VERSION = 5.0;
				TARGETED_DEVICE_FAMILY = "1,2";
				TEST_TARGET_NAME = "Twitter-clone";
			};
			name = Release;
		};
/* End XCBuildConfiguration section */

/* Begin XCConfigurationList section */
		66F89EB02AEAA846008DA234 /* Build configuration list for PBXProject "Twitter-clone" */ = {
			isa = XCConfigurationList;
			buildConfigurations = (
				66F89ED82AEAA847008DA234 /* Debug */,
				66F89ED92AEAA847008DA234 /* Release */,
			);
			defaultConfigurationIsVisible = 0;
			defaultConfigurationName = Release;
		};
		66F89EDA2AEAA847008DA234 /* Build configuration list for PBXNativeTarget "Twitter-clone" */ = {
			isa = XCConfigurationList;
			buildConfigurations = (
				66F89EDB2AEAA847008DA234 /* Debug */,
				66F89EDC2AEAA847008DA234 /* Release */,
			);
			defaultConfigurationIsVisible = 0;
			defaultConfigurationName = Release;
		};
		66F89EDD2AEAA847008DA234 /* Build configuration list for PBXNativeTarget "Twitter-cloneTests" */ = {
			isa = XCConfigurationList;
			buildConfigurations = (
				66F89EDE2AEAA847008DA234 /* Debug */,
				66F89EDF2AEAA847008DA234 /* Release */,
			);
			defaultConfigurationIsVisible = 0;
			defaultConfigurationName = Release;
		};
		66F89EE02AEAA847008DA234 /* Build configuration list for PBXNativeTarget "Twitter-cloneUITests" */ = {
			isa = XCConfigurationList;
			buildConfigurations = (
				66F89EE12AEAA847008DA234 /* Debug */,
				66F89EE22AEAA847008DA234 /* Release */,
			);
			defaultConfigurationIsVisible = 0;
			defaultConfigurationName = Release;
		};
/* End XCConfigurationList section */

/* Begin XCRemoteSwiftPackageReference section */
		66662B052B1A2C62001B2A1D /* XCRemoteSwiftPackageReference "Kingfisher" */ = {
			isa = XCRemoteSwiftPackageReference;
			repositoryURL = "https://github.com/onevcat/Kingfisher.git";
			requirement = {
				kind = upToNextMajorVersion;
				minimumVersion = 7.10.0;
			};
		};
/* End XCRemoteSwiftPackageReference section */

/* Begin XCSwiftPackageProductDependency section */
		66662B062B1A2C62001B2A1D /* Kingfisher */ = {
			isa = XCSwiftPackageProductDependency;
			package = 66662B052B1A2C62001B2A1D /* XCRemoteSwiftPackageReference "Kingfisher" */;
			productName = Kingfisher;
		};
/* End XCSwiftPackageProductDependency section */
	};
	rootObject = 66F89EAD2AEAA846008DA234 /* Project object */;
}
